
Microsoft Visual Studio Solution File, Format Version 12.00
# Visual Studio Version 16
VisualStudioVersion = 16.0.31424.327
MinimumVisualStudioVersion = 10.0.40219.1
Project("{FAE04EC0-301F-11D3-BF4B-00C04F79EFBC}") = "Deepak_DotNetTask", "Deepak_DotNetTask\Deepak_DotNetTask.csproj", "{AAF2DDE8-C9FD-4DDD-8ACD-B05D93005060}"
EndProject
Global
	GlobalSection(SolutionConfigurationPlatforms) = preSolution
		Debug|Any CPU = Debug|Any CPU
		Release|Any CPU = Release|Any CPU
	EndGlobalSection
	GlobalSection(ProjectConfigurationPlatforms) = postSolution
		{AAF2DDE8-C9FD-4DDD-8ACD-B05D93005060}.Debug|Any CPU.ActiveCfg = Debug|Any CPU
		{AAF2DDE8-C9FD-4DDD-8ACD-B05D93005060}.Debug|Any CPU.Build.0 = Debug|Any CPU
		{AAF2DDE8-C9FD-4DDD-8ACD-B05D93005060}.Release|Any CPU.ActiveCfg = Release|Any CPU
		{AAF2DDE8-C9FD-4DDD-8ACD-B05D93005060}.Release|Any CPU.Build.0 = Release|Any CPU
	EndGlobalSection
	GlobalSection(SolutionProperties) = preSolution
		HideSolutionNode = FALSE
	EndGlobalSection
	GlobalSection(ExtensibilityGlobals) = postSolution
		SolutionGuid = {D9AC9F23-C566-4038-97AE-899CABDAFBAE}
	EndGlobalSection
EndGlobal
